{
  "nodes": {
    "bitstreams": {
      "inputs": {
        "bitstreams-main": "bitstreams-main",
        "flakeNimbleLib": [
          "flakeNimbleLib"
        ],
        "nixpkgs": [
          "nixpkgs"
        ]
      },
      "locked": {
        "lastModified": 1648107319,
        "narHash": "sha256-H3Z7Wirf2AcO+GwC5ENXdmVHAaHKNYtqZOcdgplhWQ4=",
        "owner": "nim-nix-pkgs",
        "repo": "bitstreams",
        "rev": "289732b9d0cf7d1e681c51f01046a5b29e10e486",
        "type": "github"
      },
      "original": {
        "owner": "nim-nix-pkgs",
        "ref": "master",
        "repo": "bitstreams",
        "type": "github"
      }
    },
    "bitstreams-main": {
      "inputs": {
        "flakeNimbleLib": [
          "bitstreams",
          "flakeNimbleLib"
        ],
        "nixpkgs": [
          "bitstreams",
          "nixpkgs"
        ],
        "src-bitstreams-main": "src-bitstreams-main"
      },
      "locked": {
        "dir": "main",
        "lastModified": 1648107319,
        "narHash": "sha256-H3Z7Wirf2AcO+GwC5ENXdmVHAaHKNYtqZOcdgplhWQ4=",
        "owner": "nim-nix-pkgs",
        "repo": "bitstreams",
        "rev": "289732b9d0cf7d1e681c51f01046a5b29e10e486",
        "type": "github"
      },
      "original": {
        "dir": "main",
        "owner": "nim-nix-pkgs",
        "ref": "master",
        "repo": "bitstreams",
        "type": "github"
      }
    },
    "flakeNimbleLib": {
      "inputs": {
        "nixpkgs": [
          "nixpkgs"
        ]
      },
      "locked": {
        "lastModified": 1648105061,
        "narHash": "sha256-Je25qNlH4xrH3+m6vIq6yPvdfQ80FRTwX4JOhrRLduc=",
        "owner": "riinr",
        "repo": "nim-flakes-lib",
        "rev": "f1ec5e2f15b9f717c33b6942ce7cb344ff868522",
        "type": "github"
      },
      "original": {
        "owner": "riinr",
        "ref": "master",
        "repo": "nim-flakes-lib",
        "type": "github"
      }
    },
    "nixpkgs": {
      "locked": {
        "narHash": "sha256-sK1Ow//80EKE3bAF5d+2gB8vPXw6m5TBk3wSLHvdVe0=",
        "path": "/nix/store/0yqgkbpmsk7ck4s34wk505sfdd9vils4-source",
        "type": "path"
      },
      "original": {
        "id": "nixpkgs",
        "type": "indirect"
      }
    },
    "root": {
      "inputs": {
        "bitstreams": "bitstreams",
        "flakeNimbleLib": "flakeNimbleLib",
        "nixpkgs": "nixpkgs",
        "src-binarylang-v0_5_1": "src-binarylang-v0_5_1"
      }
    },
    "src-binarylang-v0_5_1": {
      "flake": false,
      "locked": {
        "lastModified": 1617849661,
        "narHash": "sha256-lBphwkXzfmSL+2/uWC/Jkipxb0JowSrHWTJMazjpB/g=",
        "owner": "sealmove",
        "repo": "binarylang",
        "rev": "5767e79481ec13af3fed61007ebf2f5e6a3c305e",
        "type": "github"
      },
      "original": {
        "owner": "sealmove",
        "ref": "refs/tags/v0.5.1",
        "repo": "binarylang",
        "type": "github"
      }
    },
    "src-bitstreams-main": {
      "flake": false,
      "locked": {
        "lastModified": 1623116465,
        "narHash": "sha256-qjfcShJcrx4Nljx6vjkcKNw9nn5XFOaEuDwwqBVaF8o=",
        "owner": "sealmove",
        "repo": "bitstreams",
        "rev": "e346580b72616d96ac62e6d9c11d53216ea2bc0f",
        "type": "github"
      },
      "original": {
        "owner": "sealmove",
        "ref": "refs/heads/main",
        "repo": "bitstreams",
        "type": "github"
      }
    }
  },
  "root": "root",
  "version": 7
}
